
Microsoft Visual Studio Solution File, Format Version 12.00
# Visual Studio Version 17
VisualStudioVersion = 17.0.31903.59
MinimumVisualStudioVersion = 10.0.40219.1
Project("{2150E333-8FDC-42A3-9474-1A3956D46DE8}") = "src", "src", "{827E0CD3-B72D-47B6-A68D-7590B98EB39B}"
EndProject
Project("{FAE04EC0-301F-11D3-BF4B-00C04F79EFBC}") = "ExamGuard.Core", "src\ExamGuard.Core\ExamGuard.Core.csproj", "{2114B55D-414C-46C0-AB56-6325448AC240}"
EndProject
Project("{FAE04EC0-301F-11D3-BF4B-00C04F79EFBC}") = "ExamGuard.App", "src\ExamGuard.App\ExamGuard.App.csproj", "{39A6E561-4DA5-40CC-8C69-E6016E634C33}"
EndProject
Project("{2150E333-8FDC-42A3-9474-1A3956D46DE8}") = "tests", "tests", "{0AB3BF05-4346-4AA6-1389-037BE0695223}"
EndProject
Project("{FAE04EC0-301F-11D3-BF4B-00C04F79EFBC}") = "ExamGuard.Core.Tests", "tests\ExamGuard.Core.Tests\ExamGuard.Core.Tests.csproj", "{33F5161B-5ECD-409A-9AE9-A207AF9D0FA9}"
EndProject
Global
	GlobalSection(SolutionConfigurationPlatforms) = preSolution
		Debug|Any CPU = Debug|Any CPU
		Debug|x64 = Debug|x64
		Debug|x86 = Debug|x86
		Release|Any CPU = Release|Any CPU
		Release|x64 = Release|x64
		Release|x86 = Release|x86
	EndGlobalSection
	GlobalSection(ProjectConfigurationPlatforms) = postSolution
		{2114B55D-414C-46C0-AB56-6325448AC240}.Debug|Any CPU.ActiveCfg = Debug|Any CPU
		{2114B55D-414C-46C0-AB56-6325448AC240}.Debug|Any CPU.Build.0 = Debug|Any CPU
		{2114B55D-414C-46C0-AB56-6325448AC240}.Debug|x64.ActiveCfg = Debug|Any CPU
		{2114B55D-414C-46C0-AB56-6325448AC240}.Debug|x64.Build.0 = Debug|Any CPU
		{2114B55D-414C-46C0-AB56-6325448AC240}.Debug|x86.ActiveCfg = Debug|Any CPU
		{2114B55D-414C-46C0-AB56-6325448AC240}.Debug|x86.Build.0 = Debug|Any CPU
		{2114B55D-414C-46C0-AB56-6325448AC240}.Release|Any CPU.ActiveCfg = Release|Any CPU
		{2114B55D-414C-46C0-AB56-6325448AC240}.Release|Any CPU.Build.0 = Release|Any CPU
		{2114B55D-414C-46C0-AB56-6325448AC240}.Release|x64.ActiveCfg = Release|Any CPU
		{2114B55D-414C-46C0-AB56-6325448AC240}.Release|x64.Build.0 = Release|Any CPU
		{2114B55D-414C-46C0-AB56-6325448AC240}.Release|x86.ActiveCfg = Release|Any CPU
		{2114B55D-414C-46C0-AB56-6325448AC240}.Release|x86.Build.0 = Release|Any CPU
		{39A6E561-4DA5-40CC-8C69-E6016E634C33}.Debug|Any CPU.ActiveCfg = Debug|Any CPU
		{39A6E561-4DA5-40CC-8C69-E6016E634C33}.Debug|Any CPU.Build.0 = Debug|Any CPU
		{39A6E561-4DA5-40CC-8C69-E6016E634C33}.Debug|x64.ActiveCfg = Debug|Any CPU
		{39A6E561-4DA5-40CC-8C69-E6016E634C33}.Debug|x64.Build.0 = Debug|Any CPU
		{39A6E561-4DA5-40CC-8C69-E6016E634C33}.Debug|x86.ActiveCfg = Debug|Any CPU
		{39A6E561-4DA5-40CC-8C69-E6016E634C33}.Debug|x86.Build.0 = Debug|Any CPU
		{39A6E561-4DA5-40CC-8C69-E6016E634C33}.Release|Any CPU.ActiveCfg = Release|Any CPU
		{39A6E561-4DA5-40CC-8C69-E6016E634C33}.Release|Any CPU.Build.0 = Release|Any CPU
		{39A6E561-4DA5-40CC-8C69-E6016E634C33}.Release|x64.ActiveCfg = Release|Any CPU
		{39A6E561-4DA5-40CC-8C69-E6016E634C33}.Release|x64.Build.0 = Release|Any CPU
		{39A6E561-4DA5-40CC-8C69-E6016E634C33}.Release|x86.ActiveCfg = Release|Any CPU
		{39A6E561-4DA5-40CC-8C69-E6016E634C33}.Release|x86.Build.0 = Release|Any CPU
		{33F5161B-5ECD-409A-9AE9-A207AF9D0FA9}.Debug|Any CPU.ActiveCfg = Debug|Any CPU
		{33F5161B-5ECD-409A-9AE9-A207AF9D0FA9}.Debug|Any CPU.Build.0 = Debug|Any CPU
		{33F5161B-5ECD-409A-9AE9-A207AF9D0FA9}.Debug|x64.ActiveCfg = Debug|Any CPU
		{33F5161B-5ECD-409A-9AE9-A207AF9D0FA9}.Debug|x64.Build.0 = Debug|Any CPU
		{33F5161B-5ECD-409A-9AE9-A207AF9D0FA9}.Debug|x86.ActiveCfg = Debug|Any CPU
		{33F5161B-5ECD-409A-9AE9-A207AF9D0FA9}.Debug|x86.Build.0 = Debug|Any CPU
		{33F5161B-5ECD-409A-9AE9-A207AF9D0FA9}.Release|Any CPU.ActiveCfg = Release|Any CPU
		{33F5161B-5ECD-409A-9AE9-A207AF9D0FA9}.Release|Any CPU.Build.0 = Release|Any CPU
		{33F5161B-5ECD-409A-9AE9-A207AF9D0FA9}.Release|x64.ActiveCfg = Release|Any CPU
		{33F5161B-5ECD-409A-9AE9-A207AF9D0FA9}.Release|x64.Build.0 = Release|Any CPU
		{33F5161B-5ECD-409A-9AE9-A207AF9D0FA9}.Release|x86.ActiveCfg = Release|Any CPU
		{33F5161B-5ECD-409A-9AE9-A207AF9D0FA9}.Release|x86.Build.0 = Release|Any CPU
	EndGlobalSection
	GlobalSection(SolutionProperties) = preSolution
		HideSolutionNode = FALSE
	EndGlobalSection
	GlobalSection(NestedProjects) = preSolution
		{2114B55D-414C-46C0-AB56-6325448AC240} = {827E0CD3-B72D-47B6-A68D-7590B98EB39B}
		{39A6E561-4DA5-40CC-8C69-E6016E634C33} = {827E0CD3-B72D-47B6-A68D-7590B98EB39B}
		{33F5161B-5ECD-409A-9AE9-A207AF9D0FA9} = {0AB3BF05-4346-4AA6-1389-037BE0695223}
	EndGlobalSection
EndGlobal
